Microsoft Visual Studio Solution File, Format Version 12.00
# Visual Studio Version 17
VisualStudioVersion = 17.5.2.0
MinimumVisualStudioVersion = 10.0.40219.1
Project("{FAE04EC0-301F-11D3-BF4B-00C04F79EFBC}") = "PrimeiroPrograma", "PrimeiroPrograma\PrimeiroPrograma.csproj", "{A711FC7B-CFEC-AF59-2C6D-791035650DA5}"
EndProject
Global
	GlobalSection(SolutionConfigurationPlatforms) = preSolution
		Debug|Any CPU = Debug|Any CPU
		Release|Any CPU = Release|Any CPU
	EndGlobalSection
	GlobalSection(ProjectConfigurationPlatforms) = postSolution
		{A711FC7B-CFEC-AF59-2C6D-791035650DA5}.Debug|Any CPU.ActiveCfg = Debug|Any CPU
		{A711FC7B-CFEC-AF59-2C6D-791035650DA5}.Debug|Any CPU.Build.0 = Debug|Any CPU
		{A711FC7B-CFEC-AF59-2C6D-791035650DA5}.Release|Any CPU.ActiveCfg = Release|Any CPU
		{A711FC7B-CFEC-AF59-2C6D-791035650DA5}.Release|Any CPU.Build.0 = Release|Any CPU
	EndGlobalSection
	GlobalSection(SolutionProperties) = preSolution
		HideSolutionNode = FALSE
	EndGlobalSection
	GlobalSection(ExtensibilityGlobals) = postSolution
		SolutionGuid = {E7964E16-1CE3-450F-A378-7DAE5BD40848}
	EndGlobalSection
EndGlobal
